
Microsoft Visual Studio Solution File, Format Version 12.00
# Visual Studio 14
VisualStudioVersion = 14.0.24720.0
MinimumVisualStudioVersion = 10.0.40219.1
Project("{8BB2217D-0F2D-49D1-97BC-3654ED321F3B}") = "Ui.Web", "Ui.Web\Ui.Web.xproj", "{A86A947D-C734-40F4-A1E3-46FFC275B6DC}"
EndProject
Project("{FAE04EC0-301F-11D3-BF4B-00C04F79EFBC}") = "Data.Ef", "Data.Ef\Data.Ef.csproj", "{586479F6-6510-4B93-8DAA-09FA2A6B688B}"
EndProject
Project("{FAE04EC0-301F-11D3-BF4B-00C04F79EFBC}") = "Core", "Core\Core.csproj", "{9C3F8280-4D86-4831-A1A5-20BDF6646E2E}"
EndProject
Global
	GlobalSection(SolutionConfigurationPlatforms) = preSolution
		Debug|Any CPU = Debug|Any CPU
		Release|Any CPU = Release|Any CPU
	EndGlobalSection
	GlobalSection(ProjectConfigurationPlatforms) = postSolution
		{A86A947D-C734-40F4-A1E3-46FFC275B6DC}.Debug|Any CPU.ActiveCfg = Debug|Any CPU
		{A86A947D-C734-40F4-A1E3-46FFC275B6DC}.Debug|Any CPU.Build.0 = Debug|Any CPU
		{A86A947D-C734-40F4-A1E3-46FFC275B6DC}.Release|Any CPU.ActiveCfg = Release|Any CPU
		{A86A947D-C734-40F4-A1E3-46FFC275B6DC}.Release|Any CPU.Build.0 = Release|Any CPU
		{586479F6-6510-4B93-8DAA-09FA2A6B688B}.Debug|Any CPU.ActiveCfg = Debug|Any CPU
		{586479F6-6510-4B93-8DAA-09FA2A6B688B}.Debug|Any CPU.Build.0 = Debug|Any CPU
		{586479F6-6510-4B93-8DAA-09FA2A6B688B}.Release|Any CPU.ActiveCfg = Release|Any CPU
		{586479F6-6510-4B93-8DAA-09FA2A6B688B}.Release|Any CPU.Build.0 = Release|Any CPU
		{9C3F8280-4D86-4831-A1A5-20BDF6646E2E}.Debug|Any CPU.ActiveCfg = Debug|Any CPU
		{9C3F8280-4D86-4831-A1A5-20BDF6646E2E}.Debug|Any CPU.Build.0 = Debug|Any CPU
		{9C3F8280-4D86-4831-A1A5-20BDF6646E2E}.Release|Any CPU.ActiveCfg = Release|Any CPU
		{9C3F8280-4D86-4831-A1A5-20BDF6646E2E}.Release|Any CPU.Build.0 = Release|Any CPU
	EndGlobalSection
	GlobalSection(SolutionProperties) = preSolution
		HideSolutionNode = FALSE
	EndGlobalSection
EndGlobal
